
Microsoft Visual Studio Solution File, Format Version 12.00
# Visual Studio Version 16
VisualStudioVersion = 16.0.30517.126
MinimumVisualStudioVersion = 10.0.40219.1
Project("{FAE04EC0-301F-11D3-BF4B-00C04F79EFBC}") = "veri tabani kayit ekleme silme", "veri tabani kayit ekleme silme.csproj", "{A21C7BB4-F398-475D-B14B-D44BE00F2CCF}"
EndProject
Global
	GlobalSection(SolutionConfigurationPlatforms) = preSolution
		Debug|Any CPU = Debug|Any CPU
		Release|Any CPU = Release|Any CPU
	EndGlobalSection
	GlobalSection(ProjectConfigurationPlatforms) = postSolution
		{A21C7BB4-F398-475D-B14B-D44BE00F2CCF}.Debug|Any CPU.ActiveCfg = Debug|Any CPU
		{A21C7BB4-F398-475D-B14B-D44BE00F2CCF}.Debug|Any CPU.Build.0 = Debug|Any CPU
		{A21C7BB4-F398-475D-B14B-D44BE00F2CCF}.Release|Any CPU.ActiveCfg = Release|Any CPU
		{A21C7BB4-F398-475D-B14B-D44BE00F2CCF}.Release|Any CPU.Build.0 = Release|Any CPU
	EndGlobalSection
	GlobalSection(SolutionProperties) = preSolution
		HideSolutionNode = FALSE
	EndGlobalSection
	GlobalSection(ExtensibilityGlobals) = postSolution
		SolutionGuid = {FC8CC1AD-C07D-47DC-8AA6-0A9C0C5B7560}
	EndGlobalSection
EndGlobal
